
Microsoft Visual Studio Solution File, Format Version 12.00
# Visual Studio Version 17
VisualStudioVersion = 17.14.36511.14 d17.14
MinimumVisualStudioVersion = 10.0.40219.1
Project("{8BC9CEB8-8B4A-11D0-8D11-00A0C91BC942}") = "Lab12.3.it", "Lab12.3.it\Lab12.3.it.vcxproj", "{E26E67E1-BBCC-4A4C-A163-7041FA28D1A4}"
EndProject
Project("{8BC9CEB8-8B4A-11D0-8D11-00A0C91BC942}") = "UnitTest12.3.it", "UnitTest12.3.it\UnitTest12.3.it.vcxproj", "{F7145C80-69C8-31BA-2A4B-8054D52CC125}"
EndProject
Global
	GlobalSection(SolutionConfigurationPlatforms) = preSolution
		Debug|ARM64 = Debug|ARM64
		Debug|x64 = Debug|x64
		Debug|x86 = Debug|x86
		Release|ARM64 = Release|ARM64
		Release|x64 = Release|x64
		Release|x86 = Release|x86
	EndGlobalSection
	GlobalSection(ProjectConfigurationPlatforms) = postSolution
		{E26E67E1-BBCC-4A4C-A163-7041FA28D1A4}.Debug|ARM64.ActiveCfg = Debug|ARM64
		{E26E67E1-BBCC-4A4C-A163-7041FA28D1A4}.Debug|ARM64.Build.0 = Debug|ARM64
		{E26E67E1-BBCC-4A4C-A163-7041FA28D1A4}.Debug|x64.ActiveCfg = Debug|x64
		{E26E67E1-BBCC-4A4C-A163-7041FA28D1A4}.Debug|x64.Build.0 = Debug|x64
		{E26E67E1-BBCC-4A4C-A163-7041FA28D1A4}.Debug|x86.ActiveCfg = Debug|Win32
		{E26E67E1-BBCC-4A4C-A163-7041FA28D1A4}.Debug|x86.Build.0 = Debug|Win32
		{E26E67E1-BBCC-4A4C-A163-7041FA28D1A4}.Release|ARM64.ActiveCfg = Release|ARM64
		{E26E67E1-BBCC-4A4C-A163-7041FA28D1A4}.Release|ARM64.Build.0 = Release|ARM64
		{E26E67E1-BBCC-4A4C-A163-7041FA28D1A4}.Release|x64.ActiveCfg = Release|x64
		{E26E67E1-BBCC-4A4C-A163-7041FA28D1A4}.Release|x64.Build.0 = Release|x64
		{E26E67E1-BBCC-4A4C-A163-7041FA28D1A4}.Release|x86.ActiveCfg = Release|Win32
		{E26E67E1-BBCC-4A4C-A163-7041FA28D1A4}.Release|x86.Build.0 = Release|Win32
		{F7145C80-69C8-31BA-2A4B-8054D52CC125}.Debug|ARM64.ActiveCfg = Debug|ARM64
		{F7145C80-69C8-31BA-2A4B-8054D52CC125}.Debug|ARM64.Build.0 = Debug|ARM64
		{F7145C80-69C8-31BA-2A4B-8054D52CC125}.Debug|x64.ActiveCfg = Debug|x64
		{F7145C80-69C8-31BA-2A4B-8054D52CC125}.Debug|x64.Build.0 = Debug|x64
		{F7145C80-69C8-31BA-2A4B-8054D52CC125}.Debug|x86.ActiveCfg = Debug|Win32
		{F7145C80-69C8-31BA-2A4B-8054D52CC125}.Debug|x86.Build.0 = Debug|Win32
		{F7145C80-69C8-31BA-2A4B-8054D52CC125}.Release|ARM64.ActiveCfg = Release|ARM64
		{F7145C80-69C8-31BA-2A4B-8054D52CC125}.Release|ARM64.Build.0 = Release|ARM64
		{F7145C80-69C8-31BA-2A4B-8054D52CC125}.Release|x64.ActiveCfg = Release|x64
		{F7145C80-69C8-31BA-2A4B-8054D52CC125}.Release|x64.Build.0 = Release|x64
		{F7145C80-69C8-31BA-2A4B-8054D52CC125}.Release|x86.ActiveCfg = Release|Win32
		{F7145C80-69C8-31BA-2A4B-8054D52CC125}.Release|x86.Build.0 = Release|Win32
	EndGlobalSection
	GlobalSection(SolutionProperties) = preSolution
		HideSolutionNode = FALSE
	EndGlobalSection
	GlobalSection(ExtensibilityGlobals) = postSolution
		SolutionGuid = {62826ACD-8B45-4026-A00A-40E87114CF81}
	EndGlobalSection
EndGlobal
